github.com/gorilla/websocket v1.5.1 h1:gmztn0JnHVt9JZquRuzLw3g4wouNVzKL15iLr/zn/QY=
github.com/gorilla/websocket v1.5.1/go.mod h1:x3kM2JMyaluk02fnUJpQuwD2dCS5NDG2ZHL0uE0tcaY=
github.com/hako/durafmt v0.0.0-20210608085754-5c1018a4e16b h1:wDUNC2eKiL35DbLvsDhiblTUXHxcOPwQSCzi7xpQUN4=
github.com/hako/durafmt v0.0.0-20210608085754-5c1018a4e16b/go.mod h1:VzxiSdG6j1pi7rwGm/xYI5RbtpBgM8sARDXlvEvxlu0=
github.com/hansrodtang/randomcolor v0.0.0-20160512071917-d27108b3d7a5 h1:9WT/rQ2tZI0TBZhBsA/dYU1bdI2QKaUzQ3X6YDwaLUY=
github.com/hansrodtang/randomcolor v0.0.0-20160512071917-d27108b3d7a5/go.mod h1:XvzgNvkcPBKMxeywFlPioejZ5ulXi/GMLZDoBw915FA=
github.com/schollz/logger v1.2.0 h1:5WXfINRs3lEUTCZ7YXhj0uN+qukjizvITLm3Ca2m0Ho=
github.com/schollz/logger v1.2.0/go.mod h1:P6F4/dGMGcx8wh+kG1zrNEd4vnNpEBY/mwEMd/vn6AM=
golang.org/x/exp v0.0.0-20230321023759-10a507213a29 h1:ooxPy7fPvB4kwsA2h+iBNHkAbp/4JxTSwCmvdjEYmug=
golang.org/x/exp v0.0.0-20230321023759-10a507213a29/go.mod h1:CxIveKay+FTh1D0yPZemJVgC/95VzuuOLq5Qi4xnoYc=
golang.org/x/net v0.21.0 h1:AQyQV4dYCvJ7vGmJyKki9+PBdyvhkSd8EIx/qb0AYv4=
golang.org/x/net v0.21.0/go.mod h1:bIjVDfnllIU7BJ2DNgfnXvpSvtn8VRwhlsaeUTyUS44=
gonum.org/v1/gonum v0.14.0 h1:2NiG67LD1tEH0D7kM+ps2V+fXmsAnpUeec7n8tcr4S0=
gonum.org/v1/gonum v0.14.0/go.mod h1:AoWeoz0becf9QMWtE8iWXNXc27fK4fNeHNf/oMejGfU=
